
Microsoft Visual Studio Solution File, Format Version 12.00
# Visual Studio Version 17
VisualStudioVersion = 17.7.34031.279
MinimumVisualStudioVersion = 10.0.40219.1
Project("{FAE04EC0-301F-11D3-BF4B-00C04F79EFBC}") = "Section8_1.10", "Section8_1.10\Section8_1.10.csproj", "{17904EB5-898C-435E-B2B2-94196876B707}"
EndProject
Project("{FAE04EC0-301F-11D3-BF4B-00C04F79EFBC}") = "StackLibrary", "StackLibrary\StackLibrary.csproj", "{34069F9C-78BC-4907-8995-5DAF636FE01C}"
EndProject
Global
	GlobalSection(SolutionConfigurationPlatforms) = preSolution
		Debug|Any CPU = Debug|Any CPU
		Release|Any CPU = Release|Any CPU
	EndGlobalSection
	GlobalSection(ProjectConfigurationPlatforms) = postSolution
		{17904EB5-898C-435E-B2B2-94196876B707}.Debug|Any CPU.ActiveCfg = Debug|Any CPU
		{17904EB5-898C-435E-B2B2-94196876B707}.Debug|Any CPU.Build.0 = Debug|Any CPU
		{17904EB5-898C-435E-B2B2-94196876B707}.Release|Any CPU.ActiveCfg = Release|Any CPU
		{17904EB5-898C-435E-B2B2-94196876B707}.Release|Any CPU.Build.0 = Release|Any CPU
		{34069F9C-78BC-4907-8995-5DAF636FE01C}.Debug|Any CPU.ActiveCfg = Debug|Any CPU
		{34069F9C-78BC-4907-8995-5DAF636FE01C}.Debug|Any CPU.Build.0 = Debug|Any CPU
		{34069F9C-78BC-4907-8995-5DAF636FE01C}.Release|Any CPU.ActiveCfg = Release|Any CPU
		{34069F9C-78BC-4907-8995-5DAF636FE01C}.Release|Any CPU.Build.0 = Release|Any CPU
	EndGlobalSection
	GlobalSection(SolutionProperties) = preSolution
		HideSolutionNode = FALSE
	EndGlobalSection
	GlobalSection(ExtensibilityGlobals) = postSolution
		SolutionGuid = {69FCADEC-BDAC-486D-921E-5E4B178DEF14}
	EndGlobalSection
EndGlobal
